// !$*UTF8*$!
{
	archiveVersion = 1;
	classes = {
	};
	objectVersion = 50;
	objects = {

/* Begin PBXBuildFile section */
		FE0A700921E45ECC0080BF8F /* AppDelegate.swift in Sources */ = {isa = PBXBuildFile; fileRef = FE0A700821E45ECC0080BF8F /* AppDelegate.swift */; };
		FE0A701021E45ECE0080BF8F /* Assets.xcassets in Resources */ = {isa = PBXBuildFile; fileRef = FE0A700F21E45ECE0080BF8F /* Assets.xcassets */; };
		FE0A701321E45ECE0080BF8F /* LaunchScreen.storyboard in Resources */ = {isa = PBXBuildFile; fileRef = FE0A701121E45ECE0080BF8F /* LaunchScreen.storyboard */; };
		FE0A701E21E463920080BF8F /* HomeController.swift in Sources */ = {isa = PBXBuildFile; fileRef = FE0A701D21E463910080BF8F /* HomeController.swift */; };
		FE0A702221E53AA50080BF8F /* HomeTableViewCell.swift in Sources */ = {isa = PBXBuildFile; fileRef = FE0A702121E53AA50080BF8F /* HomeTableViewCell.swift */; };
		FE0A702721E544A50080BF8F /* RGB.swift in Sources */ = {isa = PBXBuildFile; fileRef = FE0A702621E544A50080BF8F /* RGB.swift */; };
		FE0A702921E5540C0080BF8F /* Video.swift in Sources */ = {isa = PBXBuildFile; fileRef = FE0A702821E5540C0080BF8F /* Video.swift */; };
		FE0A702B21E555730080BF8F /* VideoModel.swift in Sources */ = {isa = PBXBuildFile; fileRef = FE0A702A21E555730080BF8F /* VideoModel.swift */; };
		FE0A702D21E67EAE0080BF8F /* ViewVideoController.swift in Sources */ = {isa = PBXBuildFile; fileRef = FE0A702C21E67EAE0080BF8F /* ViewVideoController.swift */; };
/* End PBXBuildFile section */

/* Begin PBXFileReference section */
		FE0A700521E45ECC0080BF8F /* Mindset.app */ = {isa = PBXFileReference; explicitFileType = wrapper.application; includeInIndex = 0; path = Mindset.app; sourceTree = BUILT_PRODUCTS_DIR; };
		FE0A700821E45ECC0080BF8F /* AppDelegate.swift */ = {isa = PBXFileReference; lastKnownFileType = sourcecode.swift; path = AppDelegate.swift; sourceTree = "<group>"; };
		FE0A700F21E45ECE0080BF8F /* Assets.xcassets */ = {isa = PBXFileReference; lastKnownFileType = folder.assetcatalog; path = Assets.xcassets; sourceTree = "<group>"; };
		FE0A701221E45ECE0080BF8F /* Base */ = {isa = PBXFileReference; lastKnownFileType = file.storyboard; name = Base; path = Base.lproj/LaunchScreen.storyboard; sourceTree = "<group>"; };
		FE0A701421E45ECE0080BF8F /* Info.plist */ = {isa = PBXFileReference; lastKnownFileType = text.plist.xml; path = Info.plist; sourceTree = "<group>"; };
		FE0A701D21E463910080BF8F /* HomeController.swift */ = {isa = PBXFileReference; lastKnownFileType = sourcecode.swift; path = HomeController.swift; sourceTree = "<group>"; };
		FE0A702121E53AA50080BF8F /* HomeTableViewCell.swift */ = {isa = PBXFileReference; lastKnownFileType = sourcecode.swift; path = HomeTableViewCell.swift; sourceTree = "<group>"; };
		FE0A702621E544A50080BF8F /* RGB.swift */ = {isa = PBXFileReference; lastKnownFileType = sourcecode.swift; path = RGB.swift; sourceTree = "<group>"; };
		FE0A702821E5540C0080BF8F /* Video.swift */ = {isa = PBXFileReference; lastKnownFileType = sourcecode.swift; path = Video.swift; sourceTree = "<group>"; };
		FE0A702A21E555730080BF8F /* VideoModel.swift */ = {isa = PBXFileReference; lastKnownFileType = sourcecode.swift; path = VideoModel.swift; sourceTree = "<group>"; };
		FE0A702C21E67EAE0080BF8F /* ViewVideoController.swift */ = {isa = PBXFileReference; lastKnownFileType = sourcecode.swift; path = ViewVideoController.swift; sourceTree = "<group>"; };
/* End PBXFileReference section */

/* Begin PBXFrameworksBuildPhase section */
		FE0A700221E45ECC0080BF8F /* Frameworks */ = {
			isa = PBXFrameworksBuildPhase;
			buildActionMask = 2147483647;
			files = (
			);
			runOnlyForDeploymentPostprocessing = 0;
		};
/* End PBXFrameworksBuildPhase section */

/* Begin PBXGroup section */
		FE0A6FFC21E45ECC0080BF8F = {
			isa = PBXGroup;
			children = (
				FE0A700721E45ECC0080BF8F /* Mindset */,
				FE0A700621E45ECC0080BF8F /* Products */,
			);
			sourceTree = "<group>";
		};
		FE0A700621E45ECC0080BF8F /* Products */ = {
			isa = PBXGroup;
			children = (
				FE0A700521E45ECC0080BF8F /* Mindset.app */,
			);
			name = Products;
			sourceTree = "<group>";
		};
		FE0A700721E45ECC0080BF8F /* Mindset */ = {
			isa = PBXGroup;
			children = (
				FE0A702021E4719C0080BF8F /* Singletons */,
				FE0A701A21E462B60080BF8F /* Models */,
				FE0A701C21E462C60080BF8F /* Controllers */,
				FE0A701B21E462C10080BF8F /* Views */,
				FE0A701F21E4715B0080BF8F /* System */,
				FE0A702521E544800080BF8F /* Extensions */,
			);
			path = Mindset;
			sourceTree = "<group>";
		};
		FE0A701A21E462B60080BF8F /* Models */ = {
			isa = PBXGroup;
			children = (
				FE0A702821E5540C0080BF8F /* Video.swift */,
				FE0A702A21E555730080BF8F /* VideoModel.swift */,
			);
			path = Models;
			sourceTree = "<group>";
		};
		FE0A701B21E462C10080BF8F /* Views */ = {
			isa = PBXGroup;
			children = (
				FE0A702121E53AA50080BF8F /* HomeTableViewCell.swift */,
			);
			path = Views;
			sourceTree = "<group>";
		};
		FE0A701C21E462C60080BF8F /* Controllers */ = {
			isa = PBXGroup;
			children = (
				FE0A701D21E463910080BF8F /* HomeController.swift */,
				FE0A702C21E67EAE0080BF8F /* ViewVideoController.swift */,
			);
			path = Controllers;
			sourceTree = "<group>";
		};
		FE0A701F21E4715B0080BF8F /* System */ = {
			isa = PBXGroup;
			children = (
				FE0A700F21E45ECE0080BF8F /* Assets.xcassets */,
				FE0A701121E45ECE0080BF8F /* LaunchScreen.storyboard */,
				FE0A701421E45ECE0080BF8F /* Info.plist */,
			);
			path = System;
			sourceTree = "<group>";
		};
		FE0A702021E4719C0080BF8F /* Singletons */ = {
			isa = PBXGroup;
			children = (
				FE0A700821E45ECC0080BF8F /* AppDelegate.swift */,
			);
			path = Singletons;
			sourceTree = "<group>";
		};
		FE0A702521E544800080BF8F /* Extensions */ = {
			isa = PBXGroup;
			children = (
				FE0A702621E544A50080BF8F /* RGB.swift */,
			);
			path = Extensions;
			sourceTree = "<group>";
		};
/* End PBXGroup section */

/* Begin PBXNativeTarget section */
		FE0A700421E45ECC0080BF8F /* Mindset */ = {
			isa = PBXNativeTarget;
			buildConfigurationList = FE0A701721E45ECE0080BF8F /* Build configuration list for PBXNativeTarget "Mindset" */;
			buildPhases = (
				FE0A700121E45ECC0080BF8F /* Sources */,
				FE0A700221E45ECC0080BF8F /* Frameworks */,
				FE0A700321E45ECC0080BF8F /* Resources */,
			);
			buildRules = (
			);
			dependencies = (
			);
			name = Mindset;
			productName = Mindset;
			productReference = FE0A700521E45ECC0080BF8F /* Mindset.app */;
			productType = "com.apple.product-type.application";
		};
/* End PBXNativeTarget section */

/* Begin PBXProject section */
		FE0A6FFD21E45ECC0080BF8F /* Project object */ = {
			isa = PBXProject;
			attributes = {
				LastSwiftUpdateCheck = 1010;
				LastUpgradeCheck = 1010;
				ORGANIZATIONNAME = luxury;
				TargetAttributes = {
					FE0A700421E45ECC0080BF8F = {
						CreatedOnToolsVersion = 10.1;
					};
				};
			};
			buildConfigurationList = FE0A700021E45ECC0080BF8F /* Build configuration list for PBXProject "Mindset" */;
			compatibilityVersion = "Xcode 9.3";
			developmentRegion = en;
			hasScannedForEncodings = 0;
			knownRegions = (
				en,
				Base,
			);
			mainGroup = FE0A6FFC21E45ECC0080BF8F;
			productRefGroup = FE0A700621E45ECC0080BF8F /* Products */;
			projectDirPath = "";
			projectRoot = "";
			targets = (
				FE0A700421E45ECC0080BF8F /* Mindset */,
			);
		};
/* End PBXProject section */

/* Begin PBXResourcesBuildPhase section */
		FE0A700321E45ECC0080BF8F /* Resources */ = {
			isa = PBXResourcesBuildPhase;
			buildActionMask = 2147483647;
			files = (
				FE0A701321E45ECE0080BF8F /* LaunchScreen.storyboard in Resources */,
				FE0A701021E45ECE0080BF8F /* Assets.xcassets in Resources */,
			);
			runOnlyForDeploymentPostprocessing = 0;
		};
/* End PBXResourcesBuildPhase section */

/* Begin PBXSourcesBuildPhase section */
		FE0A700121E45ECC0080BF8F /* Sources */ = {
			isa = PBXSourcesBuildPhase;
			buildActionMask = 2147483647;
			files = (
				FE0A702D21E67EAE0080BF8F /* ViewVideoController.swift in Sources */,
				FE0A702221E53AA50080BF8F /* HomeTableViewCell.swift in Sources */,
				FE0A702B21E555730080BF8F /* VideoModel.swift in Sources */,
				FE0A701E21E463920080BF8F /* HomeController.swift in Sources */,
				FE0A700921E45ECC0080BF8F /* AppDelegate.swift in Sources */,
				FE0A702721E544A50080BF8F /* RGB.swift in Sources */,
				FE0A702921E5540C0080BF8F /* Video.swift in Sources */,
			);
			runOnlyForDeploymentPostprocessing = 0;
		};
/* End PBXSourcesBuildPhase section */

/* Begin PBXVariantGroup section */
		FE0A701121E45ECE0080BF8F /* LaunchScreen.storyboard */ = {
			isa = PBXVariantGroup;
			children = (
				FE0A701221E45ECE0080BF8F /* Base */,
			);
			name = LaunchScreen.storyboard;
			sourceTree = "<group>";
		};
/* End PBXVariantGroup section */

/* Begin XCBuildConfiguration section */
		FE0A701521E45ECE0080BF8F /* Debug */ = {
			isa = XCBuildConfiguration;
			buildSettings = {
				ALWAYS_SEARCH_USER_PATHS = NO;
				CLANG_ANALYZER_NONNULL = YES;
				CLANG_ANALYZER_NUMBER_OBJECT_CONVERSION = YES_AGGRESSIVE;
				CLANG_CXX_LANGUAGE_STANDARD = "gnu++14";
				CLANG_CXX_LIBRARY = "libc++";
				CLANG_ENABLE_MODULES = YES;
				CLANG_ENABLE_OBJC_ARC = YES;
				CLANG_ENABLE_OBJC_WEAK = YES;
				CLANG_WARN_BLOCK_CAPTURE_AUTORELEASING = YES;
				CLANG_WARN_BOOL_CONVERSION = YES;
				CLANG_WARN_COMMA = YES;
				CLANG_WARN_CONSTANT_CONVERSION = YES;
				CLANG_WARN_DEPRECATED_OBJC_IMPLEMENTATIONS = YES;
				CLANG_WARN_DIRECT_OBJC_ISA_USAGE = YES_ERROR;
				CLANG_WARN_DOCUMENTATION_COMMENTS = YES;
				CLANG_WARN_EMPTY_BODY = YES;
				CLANG_WARN_ENUM_CONVERSION = YES;
				CLANG_WARN_INFINITE_RECURSION = YES;
				CLANG_WARN_INT_CONVERSION = YES;
				CLANG_WARN_NON_LITERAL_NULL_CONVERSION = YES;
				CLANG_WARN_OBJC_IMPLICIT_RETAIN_SELF = YES;
				CLANG_WARN_OBJC_LITERAL_CONVERSION = YES;
				CLANG_WARN_OBJC_ROOT_CLASS = YES_ERROR;
				CLANG_WARN_RANGE_LOOP_ANALYSIS = YES;
				CLANG_WARN_STRICT_PROTOTYPES = YES;
				CLANG_WARN_SUSPICIOUS_MOVE = YES;
				CLANG_WARN_UNGUARDED_AVAILABILITY = YES_AGGRESSIVE;
				CLANG_WARN_UNREACHABLE_CODE = YES;
				CLANG_WARN__DUPLICATE_METHOD_MATCH = YES;
				CODE_SIGN_IDENTITY = "iPhone Developer";
				COPY_PHASE_STRIP = NO;
				DEBUG_INFORMATION_FORMAT = dwarf;
				ENABLE_STRICT_OBJC_MSGSEND = YES;
				ENABLE_TESTABILITY = YES;
				GCC_C_LANGUAGE_STANDARD = gnu11;
				GCC_DYNAMIC_NO_PIC = NO;
				GCC_NO_COMMON_BLOCKS = YES;
				GCC_OPTIMIZATION_LEVEL = 0;
				GCC_PREPROCESSOR_DEFINITIONS = (
					"DEBUG=1",
					"$(inherited)",
				);
				GCC_WARN_64_TO_32_BIT_CONVERSION = YES;
				GCC_WARN_ABOUT_RETURN_TYPE = YES_ERROR;
				GCC_WARN_UNDECLARED_SELECTOR = YES;
				GCC_WARN_UNINITIALIZED_AUTOS = YES_AGGRESSIVE;
				GCC_WARN_UNUSED_FUNCTION = YES;
				GCC_WARN_UNUSED_VARIABLE = YES;
				IPHONEOS_DEPLOYMENT_TARGET = 12.1;
				MTL_ENABLE_DEBUG_INFO = INCLUDE_SOURCE;
				MTL_FAST_MATH = YES;
				ONLY_ACTIVE_ARCH = YES;
				SDKROOT = iphoneos;
				SWIFT_ACTIVE_COMPILATION_CONDITIONS = DEBUG;
				SWIFT_OPTIMIZATION_LEVEL = "-Onone";
			};
			name = Debug;
		};
		FE0A701621E45ECE0080BF8F /* Release */ = {
			isa = XCBuildConfiguration;
			buildSettings = {
				ALWAYS_SEARCH_USER_PATHS = NO;
				CLANG_ANALYZER_NONNULL = YES;
				CLANG_ANALYZER_NUMBER_OBJECT_CONVERSION = YES_AGGRESSIVE;
				CLANG_CXX_LANGUAGE_STANDARD = "gnu++14";
				CLANG_CXX_LIBRARY = "libc++";
				CLANG_ENABLE_MODULES = YES;
				CLANG_ENABLE_OBJC_ARC = YES;
				CLANG_ENABLE_OBJC_WEAK = YES;
				CLANG_WARN_BLOCK_CAPTURE_AUTORELEASING = YES;
				CLANG_WARN_BOOL_CONVERSION = YES;
				CLANG_WARN_COMMA = YES;
				CLANG_WARN_CONSTANT_CONVERSION = YES;
				CLANG_WARN_DEPRECATED_OBJC_IMPLEMENTATIONS = YES;
				CLANG_WARN_DIRECT_OBJC_ISA_USAGE = YES_ERROR;
				CLANG_WARN_DOCUMENTATION_COMMENTS = YES;
				CLANG_WARN_EMPTY_BODY = YES;
				CLANG_WARN_ENUM_CONVERSION = YES;
				CLANG_WARN_INFINITE_RECURSION = YES;
				CLANG_WARN_INT_CONVERSION = YES;
				CLANG_WARN_NON_LITERAL_NULL_CONVERSION = YES;
				CLANG_WARN_OBJC_IMPLICIT_RETAIN_SELF = YES;
				CLANG_WARN_OBJC_LITERAL_CONVERSION = YES;
				CLANG_WARN_OBJC_ROOT_CLASS = YES_ERROR;
				CLANG_WARN_RANGE_LOOP_ANALYSIS = YES;
				CLANG_WARN_STRICT_PROTOTYPES = YES;
				CLANG_WARN_SUSPICIOUS_MOVE = YES;
				CLANG_WARN_UNGUARDED_AVAILABILITY = YES_AGGRESSIVE;
				CLANG_WARN_UNREACHABLE_CODE = YES;
				CLANG_WARN__DUPLICATE_METHOD_MATCH = YES;
				CODE_SIGN_IDENTITY = "iPhone Developer";
				COPY_PHASE_STRIP = NO;
				DEBUG_INFORMATION_FORMAT = "dwarf-with-dsym";
				ENABLE_NS_ASSERTIONS = NO;
				ENABLE_STRICT_OBJC_MSGSEND = YES;
				GCC_C_LANGUAGE_STANDARD = gnu11;
				GCC_NO_COMMON_BLOCKS = YES;
				GCC_WARN_64_TO_32_BIT_CONVERSION = YES;
				GCC_WARN_ABOUT_RETURN_TYPE = YES_ERROR;
				GCC_WARN_UNDECLARED_SELECTOR = YES;
				GCC_WARN_UNINITIALIZED_AUTOS = YES_AGGRESSIVE;
				GCC_WARN_UNUSED_FUNCTION = YES;
				GCC_WARN_UNUSED_VARIABLE = YES;
				IPHONEOS_DEPLOYMENT_TARGET = 12.1;
				MTL_ENABLE_DEBUG_INFO = NO;
				MTL_FAST_MATH = YES;
				SDKROOT = iphoneos;
				SWIFT_COMPILATION_MODE = wholemodule;
				SWIFT_OPTIMIZATION_LEVEL = "-O";
				VALIDATE_PRODUCT = YES;
			};
			name = Release;
		};
		FE0A701821E45ECE0080BF8F /* Debug */ = {
			isa = XCBuildConfiguration;
			buildSettings = {
				ASSETCATALOG_COMPILER_APPICON_NAME = AppIcon;
				CODE_SIGN_STYLE = Automatic;
				DEVELOPMENT_TEAM = DFUU36AARG;
				INFOPLIST_FILE = "$(SRCROOT)/Mindset/System/Info.plist";
				LD_RUNPATH_SEARCH_PATHS = (
					"$(inherited)",
					"@executable_path/Frameworks",
				);
				PRODUCT_BUNDLE_IDENTIFIER = makeschool.Mindset;
				PRODUCT_NAME = "$(TARGET_NAME)";
				SWIFT_VERSION = 4.2;
				TARGETED_DEVICE_FAMILY = "1,2";
			};
			name = Debug;
		};
		FE0A701921E45ECE0080BF8F /* Release */ = {
			isa = XCBuildConfiguration;
			buildSettings = {
				ASSETCATALOG_COMPILER_APPICON_NAME = AppIcon;
				CODE_SIGN_STYLE = Automatic;
				DEVELOPMENT_TEAM = DFUU36AARG;
				INFOPLIST_FILE = "$(SRCROOT)/Mindset/System/Info.plist";
				LD_RUNPATH_SEARCH_PATHS = (
					"$(inherited)",
					"@executable_path/Frameworks",
				);
				PRODUCT_BUNDLE_IDENTIFIER = makeschool.Mindset;
				PRODUCT_NAME = "$(TARGET_NAME)";
				SWIFT_VERSION = 4.2;
				TARGETED_DEVICE_FAMILY = "1,2";
			};
			name = Release;
		};
/* End XCBuildConfiguration section */

/* Begin XCConfigurationList section */
		FE0A700021E45ECC0080BF8F /* Build configuration list for PBXProject "Mindset" */ = {
			isa = XCConfigurationList;
			buildConfigurations = (
				FE0A701521E45ECE0080BF8F /* Debug */,
				FE0A701621E45ECE0080BF8F /* Release */,
			);
			defaultConfigurationIsVisible = 0;
			defaultConfigurationName = Release;
		};
		FE0A701721E45ECE0080BF8F /* Build configuration list for PBXNativeTarget "Mindset" */ = {
			isa = XCConfigurationList;
			buildConfigurations = (
				FE0A701821E45ECE0080BF8F /* Debug */,
				FE0A701921E45ECE0080BF8F /* Release */,
			);
			defaultConfigurationIsVisible = 0;
			defaultConfigurationName = Release;
		};
/* End XCConfigurationList section */
	};
	rootObject = FE0A6FFD21E45ECC0080BF8F /* Project object */;
}
